{
  "name": "productionos",
  "version": "0.1.1",
  "lockfileVersion": 3,
  "requires": true,
  "packages": {
    "": {
      "name": "productionos",
      "version": "0.1.1",
      "license": "Apache-2.0",
      "workspaces": [
        "apps/*",
        "packages/*"
      ],
      "dependencies": {
        "typescript": "^5.9.2",
        "yaml": "^2.8.1"
      },
      "bin": {
        "prodos": "dist/apps/cli/src/main.js"
      },
      "devDependencies": {
        "@types/node": "^26.5.1"
      },
      "engines": {
        "node": ">=20.0.0"
      }
    },
    "apps/cli": {
      "name": "@productionos/cli"
    },
    "node_modules/@productionos/cli": {
      "resolved": "apps/cli",
      "link": true
    },
    "node_modules/@productionos/core": {
      "resolved": "packages/core",
      "link": true
    },
    "node_modules/@productionos/discovery": {
      "resolved": "packages/discovery",
      "link": true
    },
    "node_modules/@productionos/evidence": {
      "resolved": "packages/evidence",
      "link": true
    },
    "node_modules/@productionos/graph": {
      "resolved": "packages/graph",
      "link": true
    },
    "node_modules/@productionos/manifest": {
      "resolved": "packages/manifest",
      "link": true
    },
    "node_modules/@productionos/operations": {
      "resolved": "packages/operations",
      "link": true
    },
    "node_modules/@productionos/policy": {
      "resolved": "packages/policy",
      "link": true
    },
    "node_modules/@productionos/remediation": {
      "resolved": "packages/remediation",
      "link": true
    },
    "node_modules/@productionos/reporting": {
      "resolved": "packages/reporting",
      "link": true
    },
    "node_modules/@productionos/runtime": {
      "resolved": "packages/runtime",
      "link": true
    },
    "node_modules/@productionos/simplify": {
      "resolved": "packages/simplify",
      "link": true
    },
    "node_modules/@productionos/state": {
      "resolved": "packages/state",
      "link": true
    },
    "node_modules/@productionos/verifier": {
      "resolved": "packages/verifier",
      "link": true
    },
    "node_modules/@types/node": {
      "version": "26.5.1",
      "resolved": "https://registry.npmjs.org/@types/node/-/node-26.5.1.tgz",
      "integrity": "sha512-CzNm2FezW4VR/LjG6yUdiEgLE/rAQ9Slj5gCu/C2VrdcW7I0ahNZ8DRbHT7zOZ6r3ONgd/bsQIeSaoDGrd1C6g==",
      "dev": true,
      "license": "MIT",
      "dependencies": {
        "undici-types": "~8.9.0"
      }
    },
    "node_modules/typescript": {
      "version": "5.9.3",
      "resolved": "https://registry.npmjs.org/typescript/-/typescript-5.9.3.tgz",
      "integrity": "sha512-jl1vZzPDinLr9eUt3J/t7V6FgNEw9QjvBPdysz9KfQDD41fQrC2Y4vKQdiaUpFT4bXlb1RHhLpp8wtm6M5TgSw==",
      "license": "Apache-2.0",
      "bin": {
        "tsc": "bin/tsc",
        "tsserver": "bin/tsserver"
      },
      "engines": {
        "node": ">=14.17"
      }
    },
    "node_modules/undici-types": {
      "version": "8.9.0",
      "resolved": "https://registry.npmjs.org/undici-types/-/undici-types-8.9.0.tgz",
      "integrity": "sha512-KTDyRTYX8sWmKXAikPHHSyc63CRPETMctyjKFupcC6OBLXT3xsN0e9aF7m+mIXutFWpUXuedtowG7iLOzp0kQg==",
      "dev": true,
      "license": "MIT"
    },
    "node_modules/yaml": {
      "version": "2.9.1",
      "resolved": "https://registry.npmjs.org/yaml/-/yaml-2.9.1.tgz",
      "integrity": "sha512-3NxN8+78OdzbT7C/WjGsyfPAtJaN3FNDsWxv7Y7mcDsT/oOmgW8BpyQQFFBnvZE3j9Y2Sdz1ULFLezL7Eb2yFw==",
      "license": "ISC",
      "bin": {
        "yaml": "bin.mjs"
      },
      "engines": {
        "node": ">= 14.6"
      },
      "funding": {
        "url": "https://github.com/sponsors/eemeli"
      }
    },
    "packages/core": {
      "name": "@productionos/core"
    },
    "packages/discovery": {
      "name": "@productionos/discovery"
    },
    "packages/evidence": {
      "name": "@productionos/evidence"
    },
    "packages/graph": {
      "name": "@productionos/graph"
    },
    "packages/manifest": {
      "name": "@productionos/manifest"
    },
    "packages/operations": {
      "name": "@productionos/operations"
    },
    "packages/policy": {
      "name": "@productionos/policy"
    },
    "packages/remediation": {
      "name": "@productionos/remediation"
    },
    "packages/reporting": {
      "name": "@productionos/reporting"
    },
    "packages/runtime": {
      "name": "@productionos/runtime"
    },
    "packages/simplify": {
      "name": "@productionos/simplify"
    },
    "packages/state": {
      "name": "@productionos/state"
    },
    "packages/verifier": {
      "name": "@productionos/verifier"
    }
  }
}
