{
  "name": "agentic-safe-example",
  "version": "1.0.0",
  "lockfileVersion": 3,
  "requires": true,
  "packages": {
    "": {
      "name": "agentic-safe-example",
      "dependencies": {
        "next": "^15.0.0",
        "openai": "^5.0.0",
        "react": "^19.0.0",
        "react-dom": "^19.0.0"
      }
    }
  }
}
